{
  "name": "@antoniocesar/whatsapp-scraper",
  "version": "1.0.0",
  "lockfileVersion": 3,
  "requires": true,
  "packages": {
    "": {
      "name": "@antoniocesar/whatsapp-scraper",
      "version": "1.0.0",
      "license": "ISC",
      "dependencies": {
        "@antoniocesar/whatsapp-scraper": "^1.0.0"
      },
      "engines": {
        "node": ">=18"
      }
    },
    "node_modules/@antoniocesar/whatsapp-scraper": {
      "version": "1.0.0",
      "resolved": "https://registry.npmjs.org/@antoniocesar/whatsapp-scraper/-/whatsapp-scraper-1.0.0.tgz",
      "integrity": "sha512-dd6W4S2lJpsT3u5yxZmD1h7+AC+7+cFNX3cAMxHcUTtswlSgc/HzkIbMPGXi3qAHfvilwPSUQg1oRu2wCzF3nA==",
      "license": "ISC",
      "engines": {
        "node": ">=18"
      }
    }
  }
}
